
Microsoft Visual Studio Solution File, Format Version 12.00
# Visual Studio 2012
Project("{FAE04EC0-301F-11D3-BF4B-00C04F79EFBC}") = "lynx_mine", "lynx_mine\lynx_mine.csproj", "{F51EC3B7-8BBF-4DD2-920F-780CA3DA3AA5}"
EndProject
Global
	GlobalSection(SolutionConfigurationPlatforms) = preSolution
		Debug|Any CPU = Debug|Any CPU
		Release|Any CPU = Release|Any CPU
	EndGlobalSection
	GlobalSection(ProjectConfigurationPlatforms) = postSolution
		{F51EC3B7-8BBF-4DD2-920F-780CA3DA3AA5}.Debug|Any CPU.ActiveCfg = Debug|Any CPU
		{F51EC3B7-8BBF-4DD2-920F-780CA3DA3AA5}.Debug|Any CPU.Build.0 = Debug|Any CPU
		{F51EC3B7-8BBF-4DD2-920F-780CA3DA3AA5}.Release|Any CPU.ActiveCfg = Release|Any CPU
		{F51EC3B7-8BBF-4DD2-920F-780CA3DA3AA5}.Release|Any CPU.Build.0 = Release|Any CPU
	EndGlobalSection
	GlobalSection(SolutionProperties) = preSolution
		HideSolutionNode = FALSE
	EndGlobalSection
EndGlobal
